{
  "name": "public",
  "version": "1.0.0",
  "lockfileVersion": 2,
  "requires": true,
  "packages": {
    "": {
      "version": "1.0.0",
      "license": "ISC",
      "dependencies": {
        "postmonger": "^0.0.16"
      }
    },
    "node_modules/postmonger": {
      "version": "0.0.16",
      "resolved": "https://registry.npmjs.org/postmonger/-/postmonger-0.0.16.tgz",
      "integrity": "sha1-+TqceM+2nDqM98dJTIxb4J2+C/c=",
      "engines": {
        "node": ">=4.4.0"
      }
    }
  },
  "dependencies": {
    "postmonger": {
      "version": "0.0.16",
      "resolved": "https://registry.npmjs.org/postmonger/-/postmonger-0.0.16.tgz",
      "integrity": "sha1-+TqceM+2nDqM98dJTIxb4J2+C/c="
    }
  }
}
